// !$*UTF8*$!
{
	archiveVersion = 1;
	classes = {
	};
	objectVersion = 46;
	objects = {

/* Begin PBXBuildFile section */
		CDAEF7DB1A2CEE0600967137 /* main.m in Sources */ = {isa = PBXBuildFile; fileRef = CDAEF7DA1A2CEE0600967137 /* main.m */; };
		CDAEF7DE1A2CEE0600967137 /* AppDelegate.m in Sources */ = {isa = PBXBuildFile; fileRef = CDAEF7DD1A2CEE0600967137 /* AppDelegate.m */; };
		CDAEF7E11A2CEE0600967137 /* ViewController.m in Sources */ = {isa = PBXBuildFile; fileRef = CDAEF7E01A2CEE0600967137 /* ViewController.m */; };
		CDAEF7E41A2CEE0600967137 /* Main.storyboard in Resources */ = {isa = PBXBuildFile; fileRef = CDAEF7E21A2CEE0600967137 /* Main.storyboard */; };
		CDAEF7E61A2CEE0600967137 /* Images.xcassets in Resources */ = {isa = PBXBuildFile; fileRef = CDAEF7E51A2CEE0600967137 /* Images.xcassets */; };
		CDAEF7E91A2CEE0600967137 /* LaunchScreen.xib in Resources */ = {isa = PBXBuildFile; fileRef = CDAEF7E71A2CEE0600967137 /* LaunchScreen.xib */; };
		CDAEF7F51A2CEE0600967137 /* test_gcdTests.m in Sources */ = {isa = PBXBuildFile; fileRef = CDAEF7F41A2CEE0600967137 /* test_gcdTests.m */; };
/* End PBXBuildFile section */

/* Begin PBXContainerItemProxy section */
		CDAEF7EF1A2CEE0600967137 /* PBXContainerItemProxy */ = {
			isa = PBXContainerItemProxy;
			containerPortal = CDAEF7CD1A2CEE0600967137 /* Project object */;
			proxyType = 1;
			remoteGlobalIDString = CDAEF7D41A2CEE0600967137;
			remoteInfo = "test-gcd";
		};
/* End PBXContainerItemProxy section */

/* Begin PBXFileReference section */
		CDAEF7D51A2CEE0600967137 /* test-gcd.app */ = {isa = PBXFileReference; explicitFileType = wrapper.application; includeInIndex = 0; path = "test-gcd.app"; sourceTree = BUILT_PRODUCTS_DIR; };
		CDAEF7D91A2CEE0600967137 /* Info.plist */ = {isa = PBXFileReference; lastKnownFileType = text.plist.xml; path = Info.plist; sourceTree = "<group>"; };
		CDAEF7DA1A2CEE0600967137 /* main.m */ = {isa = PBXFileReference; lastKnownFileType = sourcecode.c.objc; path = main.m; sourceTree = "<group>"; };
		CDAEF7DC1A2CEE0600967137 /* AppDelegate.h */ = {isa = PBXFileReference; lastKnownFileType = sourcecode.c.h; path = AppDelegate.h; sourceTree = "<group>"; };
		CDAEF7DD1A2CEE0600967137 /* AppDelegate.m */ = {isa = PBXFileReference; lastKnownFileType = sourcecode.c.objc; path = AppDelegate.m; sourceTree = "<group>"; };
		CDAEF7DF1A2CEE0600967137 /* ViewController.h */ = {isa = PBXFileReference; lastKnownFileType = sourcecode.c.h; path = ViewController.h; sourceTree = "<group>"; };
		CDAEF7E01A2CEE0600967137 /* ViewController.m */ = {isa = PBXFileReference; lastKnownFileType = sourcecode.c.objc; path = ViewController.m; sourceTree = "<group>"; };
		CDAEF7E31A2CEE0600967137 /* Base */ = {isa = PBXFileReference; lastKnownFileType = file.storyboard; name = Base; path = Base.lproj/Main.storyboard; sourceTree = "<group>"; };
		CDAEF7E51A2CEE0600967137 /* Images.xcassets */ = {isa = PBXFileReference; lastKnownFileType = folder.assetcatalog; path = Images.xcassets; sourceTree = "<group>"; };
		CDAEF7E81A2CEE0600967137 /* Base */ = {isa = PBXFileReference; lastKnownFileType = file.xib; name = Base; path = Base.lproj/LaunchScreen.xib; sourceTree = "<group>"; };
		CDAEF7EE1A2CEE0600967137 /* test-gcdTests.xctest */ = {isa = PBXFileReference; explicitFileType = wrapper.cfbundle; includeInIndex = 0; path = "test-gcdTests.xctest"; sourceTree = BUILT_PRODUCTS_DIR; };
		CDAEF7F31A2CEE0600967137 /* Info.plist */ = {isa = PBXFileReference; lastKnownFileType = text.plist.xml; path = Info.plist; sourceTree = "<group>"; };
		CDAEF7F41A2CEE0600967137 /* test_gcdTests.m */ = {isa = PBXFileReference; lastKnownFileType = sourcecode.c.objc; path = test_gcdTests.m; sourceTree = "<group>"; };
/* End PBXFileReference section */

/* Begin PBXFrameworksBuildPhase section */
		CDAEF7D21A2CEE0600967137 /* Frameworks */ = {
			isa = PBXFrameworksBuildPhase;
			buildActionMask = 2147483647;
			files = (
			);
			runOnlyForDeploymentPostprocessing = 0;
		};
		CDAEF7EB1A2CEE0600967137 /* Frameworks */ = {
			isa = PBXFrameworksBuildPhase;
			buildActionMask = 2147483647;
			files = (
			);
			runOnlyForDeploymentPostprocessing = 0;
		};
/* End PBXFrameworksBuildPhase section */

/* Begin PBXGroup section */
		CDAEF7CC1A2CEE0600967137 = {
			isa = PBXGroup;
			children = (
				CDAEF7D71A2CEE0600967137 /* test-gcd */,
				CDAEF7F11A2CEE0600967137 /* test-gcdTests */,
				CDAEF7D61A2CEE0600967137 /* Products */,
			);
			sourceTree = "<group>";
		};
		CDAEF7D61A2CEE0600967137 /* Products */ = {
			isa = PBXGroup;
			children = (
				CDAEF7D51A2CEE0600967137 /* test-gcd.app */,
				CDAEF7EE1A2CEE0600967137 /* test-gcdTests.xctest */,
			);
			name = Products;
			sourceTree = "<group>";
		};
		CDAEF7D71A2CEE0600967137 /* test-gcd */ = {
			isa = PBXGroup;
			children = (
				CDAEF7DC1A2CEE0600967137 /* AppDelegate.h */,
				CDAEF7DD1A2CEE0600967137 /* AppDelegate.m */,
				CDAEF7DF1A2CEE0600967137 /* ViewController.h */,
				CDAEF7E01A2CEE0600967137 /* ViewController.m */,
				CDAEF7E21A2CEE0600967137 /* Main.storyboard */,
				CDAEF7E51A2CEE0600967137 /* Images.xcassets */,
				CDAEF7E71A2CEE0600967137 /* LaunchScreen.xib */,
				CDAEF7D81A2CEE0600967137 /* Supporting Files */,
			);
			path = "test-gcd";
			sourceTree = "<group>";
		};
		CDAEF7D81A2CEE0600967137 /* Supporting Files */ = {
			isa = PBXGroup;
			children = (
				CDAEF7D91A2CEE0600967137 /* Info.plist */,
				CDAEF7DA1A2CEE0600967137 /* main.m */,
			);
			name = "Supporting Files";
			sourceTree = "<group>";
		};
		CDAEF7F11A2CEE0600967137 /* test-gcdTests */ = {
			isa = PBXGroup;
			children = (
				CDAEF7F41A2CEE0600967137 /* test_gcdTests.m */,
				CDAEF7F21A2CEE0600967137 /* Supporting Files */,
			);
			path = "test-gcdTests";
			sourceTree = "<group>";
		};
		CDAEF7F21A2CEE0600967137 /* Supporting Files */ = {
			isa = PBXGroup;
			children = (
				CDAEF7F31A2CEE0600967137 /* Info.plist */,
			);
			name = "Supporting Files";
			sourceTree = "<group>";
		};
/* End PBXGroup section */

/* Begin PBXNativeTarget section */
		CDAEF7D41A2CEE0600967137 /* test-gcd */ = {
			isa = PBXNativeTarget;
			buildConfigurationList = CDAEF7F81A2CEE0600967137 /* Build configuration list for PBXNativeTarget "test-gcd" */;
			buildPhases = (
				CDAEF7D11A2CEE0600967137 /* Sources */,
				CDAEF7D21A2CEE0600967137 /* Frameworks */,
				CDAEF7D31A2CEE0600967137 /* Resources */,
			);
			buildRules = (
			);
			dependencies = (
			);
			name = "test-gcd";
			productName = "test-gcd";
			productReference = CDAEF7D51A2CEE0600967137 /* test-gcd.app */;
			productType = "com.apple.product-type.application";
		};
		CDAEF7ED1A2CEE0600967137 /* test-gcdTests */ = {
			isa = PBXNativeTarget;
			buildConfigurationList = CDAEF7FB1A2CEE0600967137 /* Build configuration list for PBXNativeTarget "test-gcdTests" */;
			buildPhases = (
				CDAEF7EA1A2CEE0600967137 /* Sources */,
				CDAEF7EB1A2CEE0600967137 /* Frameworks */,
				CDAEF7EC1A2CEE0600967137 /* Resources */,
			);
			buildRules = (
			);
			dependencies = (
				CDAEF7F01A2CEE0600967137 /* PBXTargetDependency */,
			);
			name = "test-gcdTests";
			productName = "test-gcdTests";
			productReference = CDAEF7EE1A2CEE0600967137 /* test-gcdTests.xctest */;
			productType = "com.apple.product-type.bundle.unit-test";
		};
/* End PBXNativeTarget section */

/* Begin PBXProject section */
		CDAEF7CD1A2CEE0600967137 /* Project object */ = {
			isa = PBXProject;
			attributes = {
				LastUpgradeCheck = 0610;
				ORGANIZATIONNAME = Zhn;
				TargetAttributes = {
					CDAEF7D41A2CEE0600967137 = {
						CreatedOnToolsVersion = 6.1;
					};
					CDAEF7ED1A2CEE0600967137 = {
						CreatedOnToolsVersion = 6.1;
						TestTargetID = CDAEF7D41A2CEE0600967137;
					};
				};
			};
			buildConfigurationList = CDAEF7D01A2CEE0600967137 /* Build configuration list for PBXProject "test-gcd" */;
			compatibilityVersion = "Xcode 3.2";
			developmentRegion = English;
			hasScannedForEncodings = 0;
			knownRegions = (
				en,
				Base,
			);
			mainGroup = CDAEF7CC1A2CEE0600967137;
			productRefGroup = CDAEF7D61A2CEE0600967137 /* Products */;
			projectDirPath = "";
			projectRoot = "";
			targets = (
				CDAEF7D41A2CEE0600967137 /* test-gcd */,
				CDAEF7ED1A2CEE0600967137 /* test-gcdTests */,
			);
		};
/* End PBXProject section */

/* Begin PBXResourcesBuildPhase section */
		CDAEF7D31A2CEE0600967137 /* Resources */ = {
			isa = PBXResourcesBuildPhase;
			buildActionMask = 2147483647;
			files = (
				CDAEF7E41A2CEE0600967137 /* Main.storyboard in Resources */,
				CDAEF7E91A2CEE0600967137 /* LaunchScreen.xib in Resources */,
				CDAEF7E61A2CEE0600967137 /* Images.xcassets in Resources */,
			);
			runOnlyForDeploymentPostprocessing = 0;
		};
		CDAEF7EC1A2CEE0600967137 /* Resources */ = {
			isa = PBXResourcesBuildPhase;
			buildActionMask = 2147483647;
			files = (
			);
			runOnlyForDeploymentPostprocessing = 0;
		};
/* End PBXResourcesBuildPhase section */

/* Begin PBXSourcesBuildPhase section */
		CDAEF7D11A2CEE0600967137 /* Sources */ = {
			isa = PBXSourcesBuildPhase;
			buildActionMask = 2147483647;
			files = (
				CDAEF7E11A2CEE0600967137 /* ViewController.m in Sources */,
				CDAEF7DE1A2CEE0600967137 /* AppDelegate.m in Sources */,
				CDAEF7DB1A2CEE0600967137 /* main.m in Sources */,
			);
			runOnlyForDeploymentPostprocessing = 0;
		};
		CDAEF7EA1A2CEE0600967137 /* Sources */ = {
			isa = PBXSourcesBuildPhase;
			buildActionMask = 2147483647;
			files = (
				CDAEF7F51A2CEE0600967137 /* test_gcdTests.m in Sources */,
			);
			runOnlyForDeploymentPostprocessing = 0;
		};
/* End PBXSourcesBuildPhase section */

/* Begin PBXTargetDependency section */
		CDAEF7F01A2CEE0600967137 /* PBXTargetDependency */ = {
			isa = PBXTargetDependency;
			target = CDAEF7D41A2CEE0600967137 /* test-gcd */;
			targetProxy = CDAEF7EF1A2CEE0600967137 /* PBXContainerItemProxy */;
		};
/* End PBXTargetDependency section */

/* Begin PBXVariantGroup section */
		CDAEF7E21A2CEE0600967137 /* Main.storyboard */ = {
			isa = PBXVariantGroup;
			children = (
				CDAEF7E31A2CEE0600967137 /* Base */,
			);
			name = Main.storyboard;
			sourceTree = "<group>";
		};
		CDAEF7E71A2CEE0600967137 /* LaunchScreen.xib */ = {
			isa = PBXVariantGroup;
			children = (
				CDAEF7E81A2CEE0600967137 /* Base */,
			);
			name = LaunchScreen.xib;
			sourceTree = "<group>";
		};
/* End PBXVariantGroup section */

/* Begin XCBuildConfiguration section */
		CDAEF7F61A2CEE0600967137 /* Debug */ = {
			isa = XCBuildConfiguration;
			buildSettings = {
				ALWAYS_SEARCH_USER_PATHS = NO;
				CLANG_CXX_LANGUAGE_STANDARD = "gnu++0x";
				CLANG_CXX_LIBRARY = "libc++";
				CLANG_ENABLE_MODULES = YES;
				CLANG_ENABLE_OBJC_ARC = YES;
				CLANG_WARN_BOOL_CONVERSION = YES;
				CLANG_WARN_CONSTANT_CONVERSION = YES;
				CLANG_WARN_DIRECT_OBJC_ISA_USAGE = YES_ERROR;
				CLANG_WARN_EMPTY_BODY = YES;
				CLANG_WARN_ENUM_CONVERSION = YES;
				CLANG_WARN_INT_CONVERSION = YES;
				CLANG_WARN_OBJC_ROOT_CLASS = YES_ERROR;
				CLANG_WARN_UNREACHABLE_CODE = YES;
				CLANG_WARN__DUPLICATE_METHOD_MATCH = YES;
				"CODE_SIGN_IDENTITY[sdk=iphoneos*]" = "iPhone Developer";
				COPY_PHASE_STRIP = NO;
				ENABLE_STRICT_OBJC_MSGSEND = YES;
				GCC_C_LANGUAGE_STANDARD = gnu99;
				GCC_DYNAMIC_NO_PIC = NO;
				GCC_OPTIMIZATION_LEVEL = 0;
				GCC_PREPROCESSOR_DEFINITIONS = (
					"DEBUG=1",
					"$(inherited)",
				);
				GCC_SYMBOLS_PRIVATE_EXTERN = NO;
				GCC_WARN_64_TO_32_BIT_CONVERSION = YES;
				GCC_WARN_ABOUT_RETURN_TYPE = YES_ERROR;
				GCC_WARN_UNDECLARED_SELECTOR = YES;
				GCC_WARN_UNINITIALIZED_AUTOS = YES_AGGRESSIVE;
				GCC_WARN_UNUSED_FUNCTION = YES;
				GCC_WARN_UNUSED_VARIABLE = YES;
				IPHONEOS_DEPLOYMENT_TARGET = 8.1;
				MTL_ENABLE_DEBUG_INFO = YES;
				ONLY_ACTIVE_ARCH = YES;
				SDKROOT = iphoneos;
				TARGETED_DEVICE_FAMILY = "1,2";
			};
			name = Debug;
		};
		CDAEF7F71A2CEE0600967137 /* Release */ = {
			isa = XCBuildConfiguration;
			buildSettings = {
				ALWAYS_SEARCH_USER_PATHS = NO;
				CLANG_CXX_LANGUAGE_STANDARD = "gnu++0x";
				CLANG_CXX_LIBRARY = "libc++";
				CLANG_ENABLE_MODULES = YES;
				CLANG_ENABLE_OBJC_ARC = YES;
				CLANG_WARN_BOOL_CONVERSION = YES;
				CLANG_WARN_CONSTANT_CONVERSION = YES;
				CLANG_WARN_DIRECT_OBJC_ISA_USAGE = YES_ERROR;
				CLANG_WARN_EMPTY_BODY = YES;
				CLANG_WARN_ENUM_CONVERSION = YES;
				CLANG_WARN_INT_CONVERSION = YES;
				CLANG_WARN_OBJC_ROOT_CLASS = YES_ERROR;
				CLANG_WARN_UNREACHABLE_CODE = YES;
				CLANG_WARN__DUPLICATE_METHOD_MATCH = YES;
				"CODE_SIGN_IDENTITY[sdk=iphoneos*]" = "iPhone Developer";
				COPY_PHASE_STRIP = YES;
				ENABLE_NS_ASSERTIONS = NO;
				ENABLE_STRICT_OBJC_MSGSEND = YES;
				GCC_C_LANGUAGE_STANDARD = gnu99;
				GCC_WARN_64_TO_32_BIT_CONVERSION = YES;
				GCC_WARN_ABOUT_RETURN_TYPE = YES_ERROR;
				GCC_WARN_UNDECLARED_SELECTOR = YES;
				GCC_WARN_UNINITIALIZED_AUTOS = YES_AGGRESSIVE;
				GCC_WARN_UNUSED_FUNCTION = YES;
				GCC_WARN_UNUSED_VARIABLE = YES;
				IPHONEOS_DEPLOYMENT_TARGET = 8.1;
				MTL_ENABLE_DEBUG_INFO = NO;
				SDKROOT = iphoneos;
				TARGETED_DEVICE_FAMILY = "1,2";
				VALIDATE_PRODUCT = YES;
			};
			name = Release;
		};
		CDAEF7F91A2CEE0600967137 /* Debug */ = {
			isa = XCBuildConfiguration;
			buildSettings = {
				ASSETCATALOG_COMPILER_APPICON_NAME = AppIcon;
				INFOPLIST_FILE = "test-gcd/Info.plist";
				LD_RUNPATH_SEARCH_PATHS = "$(inherited) @executable_path/Frameworks";
				PRODUCT_NAME = "$(TARGET_NAME)";
			};
			name = Debug;
		};
		CDAEF7FA1A2CEE0600967137 /* Release */ = {
			isa = XCBuildConfiguration;
			buildSettings = {
				ASSETCATALOG_COMPILER_APPICON_NAME = AppIcon;
				INFOPLIST_FILE = "test-gcd/Info.plist";
				LD_RUNPATH_SEARCH_PATHS = "$(inherited) @executable_path/Frameworks";
				PRODUCT_NAME = "$(TARGET_NAME)";
			};
			name = Release;
		};
		CDAEF7FC1A2CEE0600967137 /* Debug */ = {
			isa = XCBuildConfiguration;
			buildSettings = {
				BUNDLE_LOADER = "$(TEST_HOST)";
				FRAMEWORK_SEARCH_PATHS = (
					"$(SDKROOT)/Developer/Library/Frameworks",
					"$(inherited)",
				);
				GCC_PREPROCESSOR_DEFINITIONS = (
					"DEBUG=1",
					"$(inherited)",
				);
				INFOPLIST_FILE = "test-gcdTests/Info.plist";
				LD_RUNPATH_SEARCH_PATHS = "$(inherited) @executable_path/Frameworks @loader_path/Frameworks";
				PRODUCT_NAME = "$(TARGET_NAME)";
				TEST_HOST = "$(BUILT_PRODUCTS_DIR)/test-gcd.app/test-gcd";
			};
			name = Debug;
		};
		CDAEF7FD1A2CEE0600967137 /* Release */ = {
			isa = XCBuildConfiguration;
			buildSettings = {
				BUNDLE_LOADER = "$(TEST_HOST)";
				FRAMEWORK_SEARCH_PATHS = (
					"$(SDKROOT)/Developer/Library/Frameworks",
					"$(inherited)",
				);
				INFOPLIST_FILE = "test-gcdTests/Info.plist";
				LD_RUNPATH_SEARCH_PATHS = "$(inherited) @executable_path/Frameworks @loader_path/Frameworks";
				PRODUCT_NAME = "$(TARGET_NAME)";
				TEST_HOST = "$(BUILT_PRODUCTS_DIR)/test-gcd.app/test-gcd";
			};
			name = Release;
		};
/* End XCBuildConfiguration section */

/* Begin XCConfigurationList section */
		CDAEF7D01A2CEE0600967137 /* Build configuration list for PBXProject "test-gcd" */ = {
			isa = XCConfigurationList;
			buildConfigurations = (
				CDAEF7F61A2CEE0600967137 /* Debug */,
				CDAEF7F71A2CEE0600967137 /* Release */,
			);
			defaultConfigurationIsVisible = 0;
			defaultConfigurationName = Release;
		};
		CDAEF7F81A2CEE0600967137 /* Build configuration list for PBXNativeTarget "test-gcd" */ = {
			isa = XCConfigurationList;
			buildConfigurations = (
				CDAEF7F91A2CEE0600967137 /* Debug */,
				CDAEF7FA1A2CEE0600967137 /* Release */,
			);
			defaultConfigurationIsVisible = 0;
		};
		CDAEF7FB1A2CEE0600967137 /* Build configuration list for PBXNativeTarget "test-gcdTests" */ = {
			isa = XCConfigurationList;
			buildConfigurations = (
				CDAEF7FC1A2CEE0600967137 /* Debug */,
				CDAEF7FD1A2CEE0600967137 /* Release */,
			);
			defaultConfigurationIsVisible = 0;
		};
/* End XCConfigurationList section */
	};
	rootObject = CDAEF7CD1A2CEE0600967137 /* Project object */;
}
